
Microsoft Visual Studio Solution File, Format Version 12.00
# Visual Studio Version 17
VisualStudioVersion = 17.0.31903.59
MinimumVisualStudioVersion = 10.0.40219.1
Project("{2150E333-8FDC-42A3-9474-1A3956D46DE8}") = "src", "src", "{DA5E9B22-68CD-4CAB-BD90-CF0F49F2DDC6}"
EndProject
Project("{FAE04EC0-301F-11D3-BF4B-00C04F79EFBC}") = "LineVision.Core", "src\LineVision.Core\LineVision.Core.csproj", "{7F200D6F-92EA-43C4-BAA5-926A44D5FF84}"
EndProject
Project("{FAE04EC0-301F-11D3-BF4B-00C04F79EFBC}") = "LineVision.Infrastructure", "src\LineVision.Infrastructure\LineVision.Infrastructure.csproj", "{DD9B47DB-74AE-40E4-82ED-0CD604CC49CE}"
EndProject
Project("{FAE04EC0-301F-11D3-BF4B-00C04F79EFBC}") = "LineVision.Vision", "src\LineVision.Vision\LineVision.Vision.csproj", "{2B4E7264-33F3-4624-8CFF-E17B864FA63D}"
EndProject
Project("{FAE04EC0-301F-11D3-BF4B-00C04F79EFBC}") = "LineVision.Service", "src\LineVision.Service\LineVision.Service.csproj", "{BB37E1D9-1B01-474F-8031-594E67E22649}"
EndProject
Project("{FAE04EC0-301F-11D3-BF4B-00C04F79EFBC}") = "LineVision.Api", "src\LineVision.Api\LineVision.Api.csproj", "{F2A33B5D-CC0B-4C49-A0B0-1510E1C8E3C3}"
EndProject
Project("{2150E333-8FDC-42A3-9474-1A3956D46DE8}") = "tests", "tests", "{0C1D33F8-7EBC-43B5-B8C6-059E563AB02B}"
EndProject
Project("{FAE04EC0-301F-11D3-BF4B-00C04F79EFBC}") = "LineVision.Tests.Unit", "tests\LineVision.Tests.Unit\LineVision.Tests.Unit.csproj", "{CAEB795D-EE19-4E15-A8D2-816CA23C1484}"
EndProject
Global
	GlobalSection(SolutionConfigurationPlatforms) = preSolution
		Debug|Any CPU = Debug|Any CPU
		Release|Any CPU = Release|Any CPU
	EndGlobalSection
	GlobalSection(SolutionProperties) = preSolution
		HideSolutionNode = FALSE
	EndGlobalSection
	GlobalSection(ProjectConfigurationPlatforms) = postSolution
		{7F200D6F-92EA-43C4-BAA5-926A44D5FF84}.Debug|Any CPU.ActiveCfg = Debug|Any CPU
		{7F200D6F-92EA-43C4-BAA5-926A44D5FF84}.Debug|Any CPU.Build.0 = Debug|Any CPU
		{7F200D6F-92EA-43C4-BAA5-926A44D5FF84}.Release|Any CPU.ActiveCfg = Release|Any CPU
		{7F200D6F-92EA-43C4-BAA5-926A44D5FF84}.Release|Any CPU.Build.0 = Release|Any CPU
		{DD9B47DB-74AE-40E4-82ED-0CD604CC49CE}.Debug|Any CPU.ActiveCfg = Debug|Any CPU
		{DD9B47DB-74AE-40E4-82ED-0CD604CC49CE}.Debug|Any CPU.Build.0 = Debug|Any CPU
		{DD9B47DB-74AE-40E4-82ED-0CD604CC49CE}.Release|Any CPU.ActiveCfg = Release|Any CPU
		{DD9B47DB-74AE-40E4-82ED-0CD604CC49CE}.Release|Any CPU.Build.0 = Release|Any CPU
		{2B4E7264-33F3-4624-8CFF-E17B864FA63D}.Debug|Any CPU.ActiveCfg = Debug|Any CPU
		{2B4E7264-33F3-4624-8CFF-E17B864FA63D}.Debug|Any CPU.Build.0 = Debug|Any CPU
		{2B4E7264-33F3-4624-8CFF-E17B864FA63D}.Release|Any CPU.ActiveCfg = Release|Any CPU
		{2B4E7264-33F3-4624-8CFF-E17B864FA63D}.Release|Any CPU.Build.0 = Release|Any CPU
		{BB37E1D9-1B01-474F-8031-594E67E22649}.Debug|Any CPU.ActiveCfg = Debug|Any CPU
		{BB37E1D9-1B01-474F-8031-594E67E22649}.Debug|Any CPU.Build.0 = Debug|Any CPU
		{BB37E1D9-1B01-474F-8031-594E67E22649}.Release|Any CPU.ActiveCfg = Release|Any CPU
		{BB37E1D9-1B01-474F-8031-594E67E22649}.Release|Any CPU.Build.0 = Release|Any CPU
		{F2A33B5D-CC0B-4C49-A0B0-1510E1C8E3C3}.Debug|Any CPU.ActiveCfg = Debug|Any CPU
		{F2A33B5D-CC0B-4C49-A0B0-1510E1C8E3C3}.Debug|Any CPU.Build.0 = Debug|Any CPU
		{F2A33B5D-CC0B-4C49-A0B0-1510E1C8E3C3}.Release|Any CPU.ActiveCfg = Release|Any CPU
		{F2A33B5D-CC0B-4C49-A0B0-1510E1C8E3C3}.Release|Any CPU.Build.0 = Release|Any CPU
		{CAEB795D-EE19-4E15-A8D2-816CA23C1484}.Debug|Any CPU.ActiveCfg = Debug|Any CPU
		{CAEB795D-EE19-4E15-A8D2-816CA23C1484}.Debug|Any CPU.Build.0 = Debug|Any CPU
		{CAEB795D-EE19-4E15-A8D2-816CA23C1484}.Release|Any CPU.ActiveCfg = Release|Any CPU
		{CAEB795D-EE19-4E15-A8D2-816CA23C1484}.Release|Any CPU.Build.0 = Release|Any CPU
	EndGlobalSection
	GlobalSection(NestedProjects) = preSolution
		{7F200D6F-92EA-43C4-BAA5-926A44D5FF84} = {DA5E9B22-68CD-4CAB-BD90-CF0F49F2DDC6}
		{DD9B47DB-74AE-40E4-82ED-0CD604CC49CE} = {DA5E9B22-68CD-4CAB-BD90-CF0F49F2DDC6}
		{2B4E7264-33F3-4624-8CFF-E17B864FA63D} = {DA5E9B22-68CD-4CAB-BD90-CF0F49F2DDC6}
		{BB37E1D9-1B01-474F-8031-594E67E22649} = {DA5E9B22-68CD-4CAB-BD90-CF0F49F2DDC6}
		{F2A33B5D-CC0B-4C49-A0B0-1510E1C8E3C3} = {DA5E9B22-68CD-4CAB-BD90-CF0F49F2DDC6}
		{CAEB795D-EE19-4E15-A8D2-816CA23C1484} = {0C1D33F8-7EBC-43B5-B8C6-059E563AB02B}
	EndGlobalSection
EndGlobal
